
Microsoft Visual Studio Solution File, Format Version 12.00
# Visual Studio Version 17
VisualStudioVersion = 17.5.002.0
MinimumVisualStudioVersion = 10.0.40219.1
Project("{9A19103F-16F7-4668-BE54-9A1E7A4F7556}") = "LibraryApi", "LibraryApi.csproj", "{04BA1860-E319-41D7-8382-3B95E59C3031}"
EndProject
Global
	GlobalSection(SolutionConfigurationPlatforms) = preSolution
		Debug|Any CPU = Debug|Any CPU
		Release|Any CPU = Release|Any CPU
	EndGlobalSection
	GlobalSection(ProjectConfigurationPlatforms) = postSolution
		{04BA1860-E319-41D7-8382-3B95E59C3031}.Debug|Any CPU.ActiveCfg = Debug|Any CPU
		{04BA1860-E319-41D7-8382-3B95E59C3031}.Debug|Any CPU.Build.0 = Debug|Any CPU
		{04BA1860-E319-41D7-8382-3B95E59C3031}.Release|Any CPU.ActiveCfg = Release|Any CPU
		{04BA1860-E319-41D7-8382-3B95E59C3031}.Release|Any CPU.Build.0 = Release|Any CPU
	EndGlobalSection
	GlobalSection(SolutionProperties) = preSolution
		HideSolutionNode = FALSE
	EndGlobalSection
	GlobalSection(ExtensibilityGlobals) = postSolution
		SolutionGuid = {1A31FABE-C3D6-4FF0-B7F6-C18053995777}
	EndGlobalSection
EndGlobal
